{
  "requires": true,
  "lockfileVersion": 1,
  "dependencies": {
    "ngx-gallery": {
      "version": "5.9.1",
      "resolved": "https://registry.npmjs.org/ngx-gallery/-/ngx-gallery-5.9.1.tgz",
      "integrity": "sha512-T9nPI+8TwQ5huQvPnptp0FwXJrLcAIjmtenOHZulFMkKfai3LBt3zhWRazoL706ywhs+JKIvOY+4lzpBOQ0n3g=="
    }
  }
}
